File.Version=6
Mcu.CPN=STM32F407VET6
MxCube.Version=6.15.0
ProjectManager.FirmwarePackage=STM32Cube FW_F4 V1.28.3
Mcu.Family=STM32F4
Mcu.Name=STM32F407VETx
Mcu.Package=LQFP100
Mcu.IP0=USART1
Mcu.IP1=USART2
Mcu.IP2=USART3
Mcu.IP3=UART4
Mcu.IP4=USART6
Mcu.IP5=SPI1
Mcu.IP6=SPI2
Mcu.IP7=ADC1
Mcu.IP8=DMA
Mcu.IP9=NVIC
Mcu.IP10=GPIO
Mcu.IPNb=11
PA9.Signal=USART1_TX
PA10.Signal=USART1_RX
PD5.Signal=USART2_TX
PD6.Signal=USART2_RX
PB10.Signal=USART3_TX
PB11.Signal=USART3_RX
PC10.Signal=UART4_TX
PC11.Signal=UART4_RX
PC6.Signal=USART6_TX
PC7.Signal=USART6_RX
PA5.Signal=SPI1_SCK
PA6.Signal=SPI1_MISO
PA7.Signal=SPI1_MOSI
PB13.Signal=SPI2_SCK
PB14.Signal=SPI2_MISO
PB15.Signal=SPI2_MOSI
USART1.BaudRate=230400
USART1.VirtualMode=VM_ASYNC
USART2.BaudRate=921600
USART2.VirtualMode=VM_ASYNC
USART3.BaudRate=230400
USART3.VirtualMode=VM_ASYNC
UART4.BaudRate=230400
UART4.VirtualMode=VM_ASYNC
USART6.BaudRate=921600
USART6.VirtualMode=VM_ASYNC
SPI1.Mode=SPI_MODE_MASTER
SPI1.CalculateBaudRate=5.25 MBits/s
SPI2.Mode=SPI_MODE_MASTER
SPI2.CalculateBaudRate=5.25 MBits/s
Dma.Request0=USART1_RX
Dma.Request1=USART2_RX
Dma.Request2=UART4_RX
Dma.Request3=USART6_RX
Dma.USART1_RX.0.Instance=DMA2_Stream2
Dma.USART1_RX.0.Direction=DMA_PERIPH_TO_MEMORY
Dma.USART1_RX.0.Mode=DMA_CIRCULAR
Dma.USART2_RX.1.Instance=DMA1_Stream5
Dma.USART2_RX.1.Direction=DMA_PERIPH_TO_MEMORY
Dma.USART2_RX.1.Mode=DMA_CIRCULAR
Dma.UART4_RX.2.Instance=DMA1_Stream2
Dma.UART4_RX.2.Direction=DMA_PERIPH_TO_MEMORY
Dma.UART4_RX.2.Mode=DMA_CIRCULAR
Dma.USART6_RX.3.Instance=DMA2_Stream1
Dma.USART6_RX.3.Direction=DMA_PERIPH_TO_MEMORY
Dma.USART6_RX.3.Mode=DMA_CIRCULAR
NVIC.USART1_IRQn=true\:5\:0
NVIC.USART2_IRQn=true\:5\:0
NVIC.USART3_IRQn=true\:5\:0
NVIC.UART4_IRQn=true\:5\:0
NVIC.USART6_IRQn=true\:5\:0
RCC.SYSCLKFreq_VALUE=168000000
ProjectManager.ProjectName=MultiInstanceFlightController
ProjectManager.ToolChain=Makefile
